
Microsoft Visual Studio Solution File, Format Version 12.00
# Visual Studio Version 17
VisualStudioVersion = 17.3.32929.385
MinimumVisualStudioVersion = 10.0.40219.1
Project("{FAE04EC0-301F-11D3-BF4B-00C04F79EFBC}") = "College", "College\College.csproj", "{DFFE4944-8C4A-4D38-8D60-6451C219AB65}"
EndProject
Global
	GlobalSection(SolutionConfigurationPlatforms) = preSolution
		Debug|Any CPU = Debug|Any CPU
		Release|Any CPU = Release|Any CPU
	EndGlobalSection
	GlobalSection(ProjectConfigurationPlatforms) = postSolution
		{DFFE4944-8C4A-4D38-8D60-6451C219AB65}.Debug|Any CPU.ActiveCfg = Debug|Any CPU
		{DFFE4944-8C4A-4D38-8D60-6451C219AB65}.Debug|Any CPU.Build.0 = Debug|Any CPU
		{DFFE4944-8C4A-4D38-8D60-6451C219AB65}.Release|Any CPU.ActiveCfg = Release|Any CPU
		{DFFE4944-8C4A-4D38-8D60-6451C219AB65}.Release|Any CPU.Build.0 = Release|Any CPU
	EndGlobalSection
	GlobalSection(SolutionProperties) = preSolution
		HideSolutionNode = FALSE
	EndGlobalSection
	GlobalSection(ExtensibilityGlobals) = postSolution
		SolutionGuid = {4144216F-02D0-4ED9-85B7-749E83281268}
	EndGlobalSection
EndGlobal
